
Microsoft Visual Studio Solution File, Format Version 12.00
# Visual Studio Version 16
VisualStudioVersion = 16.0.30621.155
MinimumVisualStudioVersion = 10.0.40219.1
Project("{FAE04EC0-301F-11D3-BF4B-00C04F79EFBC}") = "SistemaDeRecomendacao", "SistemaDeRecomendacao.csproj", "{6E204EE8-3C93-44DE-860F-04ECAF10A4AA}"
EndProject
Global
	GlobalSection(SolutionConfigurationPlatforms) = preSolution
		Debug|Any CPU = Debug|Any CPU
		Release|Any CPU = Release|Any CPU
	EndGlobalSection
	GlobalSection(ProjectConfigurationPlatforms) = postSolution
		{6E204EE8-3C93-44DE-860F-04ECAF10A4AA}.Debug|Any CPU.ActiveCfg = Debug|Any CPU
		{6E204EE8-3C93-44DE-860F-04ECAF10A4AA}.Debug|Any CPU.Build.0 = Debug|Any CPU
		{6E204EE8-3C93-44DE-860F-04ECAF10A4AA}.Release|Any CPU.ActiveCfg = Release|Any CPU
		{6E204EE8-3C93-44DE-860F-04ECAF10A4AA}.Release|Any CPU.Build.0 = Release|Any CPU
	EndGlobalSection
	GlobalSection(SolutionProperties) = preSolution
		HideSolutionNode = FALSE
	EndGlobalSection
	GlobalSection(ExtensibilityGlobals) = postSolution
		SolutionGuid = {7EFE3F9F-5872-4107-9FA2-B15344EAB544}
	EndGlobalSection
EndGlobal
